
Microsoft Visual Studio Solution File, Format Version 12.00
# Visual Studio Version 17
VisualStudioVersion = 17.10.35013.160
MinimumVisualStudioVersion = 10.0.40219.1
Project("{FAE04EC0-301F-11D3-BF4B-00C04F79EFBC}") = "project7", "project7\project7.csproj", "{5D6F3570-112F-4ABD-9BF7-80B80A52801E}"
EndProject
Global
	GlobalSection(SolutionConfigurationPlatforms) = preSolution
		Debug|Any CPU = Debug|Any CPU
		Release|Any CPU = Release|Any CPU
	EndGlobalSection
	GlobalSection(ProjectConfigurationPlatforms) = postSolution
		{5D6F3570-112F-4ABD-9BF7-80B80A52801E}.Debug|Any CPU.ActiveCfg = Debug|Any CPU
		{5D6F3570-112F-4ABD-9BF7-80B80A52801E}.Debug|Any CPU.Build.0 = Debug|Any CPU
		{5D6F3570-112F-4ABD-9BF7-80B80A52801E}.Release|Any CPU.ActiveCfg = Release|Any CPU
		{5D6F3570-112F-4ABD-9BF7-80B80A52801E}.Release|Any CPU.Build.0 = Release|Any CPU
	EndGlobalSection
	GlobalSection(SolutionProperties) = preSolution
		HideSolutionNode = FALSE
	EndGlobalSection
	GlobalSection(ExtensibilityGlobals) = postSolution
		SolutionGuid = {461CAF03-CDF1-469E-9F4B-055F17EF67EB}
	EndGlobalSection
EndGlobal
